// !$*UTF8*$!
{
	archiveVersion = 1;
	classes = {
	};
	objectVersion = 56;
	objects = {

/* Begin PBXBuildFile section */
		453709832C39BDF90072F443 /* Assets.xcassets in Resources */ = {isa = PBXBuildFile; fileRef = 453709822C39BDF90072F443 /* Assets.xcassets */; };
		456AF6002B3357BD008394FD /* Helper.swift in Sources */ = {isa = PBXBuildFile; fileRef = 4582BC152B334CCC00F4FA0C /* Helper.swift */; };
		4582BC042B334CA700F4FA0C /* FokusApp.swift in Sources */ = {isa = PBXBuildFile; fileRef = 4582BC032B334CA700F4FA0C /* FokusApp.swift */; };
		4582BC0C2B334CA800F4FA0C /* Preview Assets.xcassets in Resources */ = {isa = PBXBuildFile; fileRef = 4582BC0B2B334CA800F4FA0C /* Preview Assets.xcassets */; };
		4582BC132B334CBF00F4FA0C /* TimerView.swift in Sources */ = {isa = PBXBuildFile; fileRef = 4582BC122B334CBF00F4FA0C /* TimerView.swift */; };
		4582BC172B334CCC00F4FA0C /* PomodoroTimerModel.swift in Sources */ = {isa = PBXBuildFile; fileRef = 4582BC142B334CCB00F4FA0C /* PomodoroTimerModel.swift */; };
		4582BC182B334CCC00F4FA0C /* Helper.swift in Sources */ = {isa = PBXBuildFile; fileRef = 4582BC152B334CCC00F4FA0C /* Helper.swift */; };
		4582BC192B334CCC00F4FA0C /* SettingsView.swift in Sources */ = {isa = PBXBuildFile; fileRef = 4582BC162B334CCC00F4FA0C /* SettingsView.swift */; };
		4582BC232B334D3C00F4FA0C /* WidgetKit.framework in Frameworks */ = {isa = PBXBuildFile; fileRef = 4582BC222B334D3C00F4FA0C /* WidgetKit.framework */; };
		4582BC252B334D3D00F4FA0C /* SwiftUI.framework in Frameworks */ = {isa = PBXBuildFile; fileRef = 4582BC242B334D3D00F4FA0C /* SwiftUI.framework */; };
		4582BC282B334D3D00F4FA0C /* FokusWidgetBundle.swift in Sources */ = {isa = PBXBuildFile; fileRef = 4582BC272B334D3D00F4FA0C /* FokusWidgetBundle.swift */; };
		4582BC2A2B334D3D00F4FA0C /* FokusWidgetLiveActivity.swift in Sources */ = {isa = PBXBuildFile; fileRef = 4582BC292B334D3D00F4FA0C /* FokusWidgetLiveActivity.swift */; };
		4582BC2C2B334D3D00F4FA0C /* FokusWidget.swift in Sources */ = {isa = PBXBuildFile; fileRef = 4582BC2B2B334D3D00F4FA0C /* FokusWidget.swift */; };
		4582BC2E2B334D3E00F4FA0C /* Assets.xcassets in Resources */ = {isa = PBXBuildFile; fileRef = 4582BC2D2B334D3E00F4FA0C /* Assets.xcassets */; };
		4582BC372B334D8300F4FA0C /* FokusWidgetLiveActivity.swift in Sources */ = {isa = PBXBuildFile; fileRef = 4582BC292B334D3D00F4FA0C /* FokusWidgetLiveActivity.swift */; };
/* End PBXBuildFile section */

/* Begin PBXFileReference section */
		452128B22B35D6E900B3B9F1 /* Info.plist */ = {isa = PBXFileReference; lastKnownFileType = text.plist; path = Info.plist; sourceTree = "<group>"; };
		453709822C39BDF90072F443 /* Assets.xcassets */ = {isa = PBXFileReference; lastKnownFileType = folder.assetcatalog; path = Assets.xcassets; sourceTree = "<group>"; };
		4582BC002B334CA700F4FA0C /* Fokus.app */ = {isa = PBXFileReference; explicitFileType = wrapper.application; includeInIndex = 0; path = Fokus.app; sourceTree = BUILT_PRODUCTS_DIR; };
		4582BC032B334CA700F4FA0C /* FokusApp.swift */ = {isa = PBXFileReference; lastKnownFileType = sourcecode.swift; path = FokusApp.swift; sourceTree = "<group>"; };
		4582BC092B334CA800F4FA0C /* Fokus.entitlements */ = {isa = PBXFileReference; lastKnownFileType = text.plist.entitlements; path = Fokus.entitlements; sourceTree = "<group>"; };
		4582BC0B2B334CA800F4FA0C /* Preview Assets.xcassets */ = {isa = PBXFileReference; lastKnownFileType = folder.assetcatalog; path = "Preview Assets.xcassets"; sourceTree = "<group>"; };
		4582BC122B334CBF00F4FA0C /* TimerView.swift */ = {isa = PBXFileReference; fileEncoding = 4; lastKnownFileType = sourcecode.swift; path = TimerView.swift; sourceTree = "<group>"; };
		4582BC142B334CCB00F4FA0C /* PomodoroTimerModel.swift */ = {isa = PBXFileReference; fileEncoding = 4; lastKnownFileType = sourcecode.swift; path = PomodoroTimerModel.swift; sourceTree = "<group>"; };
		4582BC152B334CCC00F4FA0C /* Helper.swift */ = {isa = PBXFileReference; fileEncoding = 4; lastKnownFileType = sourcecode.swift; path = Helper.swift; sourceTree = "<group>"; };
		4582BC162B334CCC00F4FA0C /* SettingsView.swift */ = {isa = PBXFileReference; fileEncoding = 4; lastKnownFileType = sourcecode.swift; path = SettingsView.swift; sourceTree = "<group>"; };
		4582BC202B334D3C00F4FA0C /* FokusWidgetExtension.appex */ = {isa = PBXFileReference; explicitFileType = "wrapper.app-extension"; includeInIndex = 0; path = FokusWidgetExtension.appex; sourceTree = BUILT_PRODUCTS_DIR; };
		4582BC222B334D3C00F4FA0C /* WidgetKit.framework */ = {isa = PBXFileReference; lastKnownFileType = wrapper.framework; name = WidgetKit.framework; path = System/Library/Frameworks/WidgetKit.framework; sourceTree = SDKROOT; };
		4582BC242B334D3D00F4FA0C /* SwiftUI.framework */ = {isa = PBXFileReference; lastKnownFileType = wrapper.framework; name = SwiftUI.framework; path = System/Library/Frameworks/SwiftUI.framework; sourceTree = SDKROOT; };
		4582BC272B334D3D00F4FA0C /* FokusWidgetBundle.swift */ = {isa = PBXFileReference; lastKnownFileType = sourcecode.swift; path = FokusWidgetBundle.swift; sourceTree = "<group>"; };
		4582BC292B334D3D00F4FA0C /* FokusWidgetLiveActivity.swift */ = {isa = PBXFileReference; lastKnownFileType = sourcecode.swift; path = FokusWidgetLiveActivity.swift; sourceTree = "<group>"; };
		4582BC2B2B334D3D00F4FA0C /* FokusWidget.swift */ = {isa = PBXFileReference; lastKnownFileType = sourcecode.swift; path = FokusWidget.swift; sourceTree = "<group>"; };
		4582BC2D2B334D3E00F4FA0C /* Assets.xcassets */ = {isa = PBXFileReference; lastKnownFileType = folder.assetcatalog; path = Assets.xcassets; sourceTree = "<group>"; };
		4582BC2F2B334D3E00F4FA0C /* Info.plist */ = {isa = PBXFileReference; lastKnownFileType = text.plist.xml; path = Info.plist; sourceTree = "<group>"; };
/* End PBXFileReference section */

/* Begin PBXFrameworksBuildPhase section */
		4582BBFD2B334CA700F4FA0C /* Frameworks */ = {
			isa = PBXFrameworksBuildPhase;
			buildActionMask = 2147483647;
			files = (
			);
			runOnlyForDeploymentPostprocessing = 0;
		};
		4582BC1D2B334D3C00F4FA0C /* Frameworks */ = {
			isa = PBXFrameworksBuildPhase;
			buildActionMask = 2147483647;
			files = (
				4582BC252B334D3D00F4FA0C /* SwiftUI.framework in Frameworks */,
				4582BC232B334D3C00F4FA0C /* WidgetKit.framework in Frameworks */,
			);
			runOnlyForDeploymentPostprocessing = 0;
		};
/* End PBXFrameworksBuildPhase section */

/* Begin PBXGroup section */
		4582BBF72B334CA700F4FA0C = {
			isa = PBXGroup;
			children = (
				4582BC022B334CA700F4FA0C /* Fokus */,
				4582BC262B334D3D00F4FA0C /* FokusWidget */,
				4582BC212B334D3C00F4FA0C /* Frameworks */,
				4582BC012B334CA700F4FA0C /* Products */,
			);
			sourceTree = "<group>";
		};
		4582BC012B334CA700F4FA0C /* Products */ = {
			isa = PBXGroup;
			children = (
				4582BC002B334CA700F4FA0C /* Fokus.app */,
				4582BC202B334D3C00F4FA0C /* FokusWidgetExtension.appex */,
			);
			name = Products;
			sourceTree = "<group>";
		};
		4582BC022B334CA700F4FA0C /* Fokus */ = {
			isa = PBXGroup;
			children = (
				452128B22B35D6E900B3B9F1 /* Info.plist */,
				4582BC032B334CA700F4FA0C /* FokusApp.swift */,
				4582BC122B334CBF00F4FA0C /* TimerView.swift */,
				4582BC152B334CCC00F4FA0C /* Helper.swift */,
				4582BC142B334CCB00F4FA0C /* PomodoroTimerModel.swift */,
				4582BC162B334CCC00F4FA0C /* SettingsView.swift */,
				453709822C39BDF90072F443 /* Assets.xcassets */,
				4582BC092B334CA800F4FA0C /* Fokus.entitlements */,
				4582BC0A2B334CA800F4FA0C /* Preview Content */,
			);
			path = Fokus;
			sourceTree = "<group>";
		};
		4582BC0A2B334CA800F4FA0C /* Preview Content */ = {
			isa = PBXGroup;
			children = (
				4582BC0B2B334CA800F4FA0C /* Preview Assets.xcassets */,
			);
			path = "Preview Content";
			sourceTree = "<group>";
		};
		4582BC212B334D3C00F4FA0C /* Frameworks */ = {
			isa = PBXGroup;
			children = (
				4582BC222B334D3C00F4FA0C /* WidgetKit.framework */,
				4582BC242B334D3D00F4FA0C /* SwiftUI.framework */,
			);
			name = Frameworks;
			sourceTree = "<group>";
		};
		4582BC262B334D3D00F4FA0C /* FokusWidget */ = {
			isa = PBXGroup;
			children = (
				4582BC272B334D3D00F4FA0C /* FokusWidgetBundle.swift */,
				4582BC292B334D3D00F4FA0C /* FokusWidgetLiveActivity.swift */,
				4582BC2B2B334D3D00F4FA0C /* FokusWidget.swift */,
				4582BC2D2B334D3E00F4FA0C /* Assets.xcassets */,
				4582BC2F2B334D3E00F4FA0C /* Info.plist */,
			);
			path = FokusWidget;
			sourceTree = "<group>";
		};
/* End PBXGroup section */

/* Begin PBXNativeTarget section */
		4582BBFF2B334CA700F4FA0C /* Fokus */ = {
			isa = PBXNativeTarget;
			buildConfigurationList = 4582BC0F2B334CA800F4FA0C /* Build configuration list for PBXNativeTarget "Fokus" */;
			buildPhases = (
				4582BBFC2B334CA700F4FA0C /* Sources */,
				4582BBFD2B334CA700F4FA0C /* Frameworks */,
				4582BBFE2B334CA700F4FA0C /* Resources */,
			);
			buildRules = (
			);
			dependencies = (
			);
			name = Fokus;
			productName = Fokus;
			productReference = 4582BC002B334CA700F4FA0C /* Fokus.app */;
			productType = "com.apple.product-type.application";
		};
		4582BC1F2B334D3C00F4FA0C /* FokusWidgetExtension */ = {
			isa = PBXNativeTarget;
			buildConfigurationList = 4582BC332B334D3E00F4FA0C /* Build configuration list for PBXNativeTarget "FokusWidgetExtension" */;
			buildPhases = (
				4582BC1C2B334D3C00F4FA0C /* Sources */,
				4582BC1D2B334D3C00F4FA0C /* Frameworks */,
				4582BC1E2B334D3C00F4FA0C /* Resources */,
			);
			buildRules = (
			);
			dependencies = (
			);
			name = FokusWidgetExtension;
			productName = FokusWidgetExtension;
			productReference = 4582BC202B334D3C00F4FA0C /* FokusWidgetExtension.appex */;
			productType = "com.apple.product-type.app-extension";
		};
/* End PBXNativeTarget section */

/* Begin PBXProject section */
		4582BBF82B334CA700F4FA0C /* Project object */ = {
			isa = PBXProject;
			attributes = {
				BuildIndependentTargetsInParallel = 1;
				LastSwiftUpdateCheck = 1500;
				LastUpgradeCheck = 1500;
				TargetAttributes = {
					4582BBFF2B334CA700F4FA0C = {
						CreatedOnToolsVersion = 15.0;
					};
					4582BC1F2B334D3C00F4FA0C = {
						CreatedOnToolsVersion = 15.0;
					};
				};
			};
			buildConfigurationList = 4582BBFB2B334CA700F4FA0C /* Build configuration list for PBXProject "Fokus" */;
			compatibilityVersion = "Xcode 14.0";
			developmentRegion = en;
			hasScannedForEncodings = 0;
			knownRegions = (
				en,
				Base,
			);
			mainGroup = 4582BBF72B334CA700F4FA0C;
			productRefGroup = 4582BC012B334CA700F4FA0C /* Products */;
			projectDirPath = "";
			projectRoot = "";
			targets = (
				4582BBFF2B334CA700F4FA0C /* Fokus */,
				4582BC1F2B334D3C00F4FA0C /* FokusWidgetExtension */,
			);
		};
/* End PBXProject section */

/* Begin PBXResourcesBuildPhase section */
		4582BBFE2B334CA700F4FA0C /* Resources */ = {
			isa = PBXResourcesBuildPhase;
			buildActionMask = 2147483647;
			files = (
				4582BC0C2B334CA800F4FA0C /* Preview Assets.xcassets in Resources */,
				453709832C39BDF90072F443 /* Assets.xcassets in Resources */,
			);
			runOnlyForDeploymentPostprocessing = 0;
		};
		4582BC1E2B334D3C00F4FA0C /* Resources */ = {
			isa = PBXResourcesBuildPhase;
			buildActionMask = 2147483647;
			files = (
				4582BC2E2B334D3E00F4FA0C /* Assets.xcassets in Resources */,
			);
			runOnlyForDeploymentPostprocessing = 0;
		};
/* End PBXResourcesBuildPhase section */

/* Begin PBXSourcesBuildPhase section */
		4582BBFC2B334CA700F4FA0C /* Sources */ = {
			isa = PBXSourcesBuildPhase;
			buildActionMask = 2147483647;
			files = (
				4582BC192B334CCC00F4FA0C /* SettingsView.swift in Sources */,
				4582BC132B334CBF00F4FA0C /* TimerView.swift in Sources */,
				4582BC042B334CA700F4FA0C /* FokusApp.swift in Sources */,
				4582BC372B334D8300F4FA0C /* FokusWidgetLiveActivity.swift in Sources */,
				4582BC172B334CCC00F4FA0C /* PomodoroTimerModel.swift in Sources */,
				4582BC182B334CCC00F4FA0C /* Helper.swift in Sources */,
			);
			runOnlyForDeploymentPostprocessing = 0;
		};
		4582BC1C2B334D3C00F4FA0C /* Sources */ = {
			isa = PBXSourcesBuildPhase;
			buildActionMask = 2147483647;
			files = (
				4582BC282B334D3D00F4FA0C /* FokusWidgetBundle.swift in Sources */,
				4582BC2A2B334D3D00F4FA0C /* FokusWidgetLiveActivity.swift in Sources */,
				4582BC2C2B334D3D00F4FA0C /* FokusWidget.swift in Sources */,
				456AF6002B3357BD008394FD /* Helper.swift in Sources */,
			);
			runOnlyForDeploymentPostprocessing = 0;
		};
/* End PBXSourcesBuildPhase section */

/* Begin XCBuildConfiguration section */
		4582BC0D2B334CA800F4FA0C /* Debug */ = {
			isa = XCBuildConfiguration;
			buildSettings = {
				ALWAYS_SEARCH_USER_PATHS = NO;
				ASSETCATALOG_COMPILER_GENERATE_SWIFT_ASSET_SYMBOL_EXTENSIONS = YES;
				CLANG_ANALYZER_NONNULL = YES;
				CLANG_ANALYZER_NUMBER_OBJECT_CONVERSION = YES_AGGRESSIVE;
				CLANG_CXX_LANGUAGE_STANDARD = "gnu++20";
				CLANG_ENABLE_MODULES = YES;
				CLANG_ENABLE_OBJC_ARC = YES;
				CLANG_ENABLE_OBJC_WEAK = YES;
				CLANG_WARN_BLOCK_CAPTURE_AUTORELEASING = YES;
				CLANG_WARN_BOOL_CONVERSION = YES;
				CLANG_WARN_COMMA = YES;
				CLANG_WARN_CONSTANT_CONVERSION = YES;
				CLANG_WARN_DEPRECATED_OBJC_IMPLEMENTATIONS = YES;
				CLANG_WARN_DIRECT_OBJC_ISA_USAGE = YES_ERROR;
				CLANG_WARN_DOCUMENTATION_COMMENTS = YES;
				CLANG_WARN_EMPTY_BODY = YES;
				CLANG_WARN_ENUM_CONVERSION = YES;
				CLANG_WARN_INFINITE_RECURSION = YES;
				CLANG_WARN_INT_CONVERSION = YES;
				CLANG_WARN_NON_LITERAL_NULL_CONVERSION = YES;
				CLANG_WARN_OBJC_IMPLICIT_RETAIN_SELF = YES;
				CLANG_WARN_OBJC_LITERAL_CONVERSION = YES;
				CLANG_WARN_OBJC_ROOT_CLASS = YES_ERROR;
				CLANG_WARN_QUOTED_INCLUDE_IN_FRAMEWORK_HEADER = YES;
				CLANG_WARN_RANGE_LOOP_ANALYSIS = YES;
				CLANG_WARN_STRICT_PROTOTYPES = YES;
				CLANG_WARN_SUSPICIOUS_MOVE = YES;
				CLANG_WARN_UNGUARDED_AVAILABILITY = YES_AGGRESSIVE;
				CLANG_WARN_UNREACHABLE_CODE = YES;
				CLANG_WARN__DUPLICATE_METHOD_MATCH = YES;
				COPY_PHASE_STRIP = NO;
				DEBUG_INFORMATION_FORMAT = dwarf;
				ENABLE_STRICT_OBJC_MSGSEND = YES;
				ENABLE_TESTABILITY = YES;
				ENABLE_USER_SCRIPT_SANDBOXING = YES;
				GCC_C_LANGUAGE_STANDARD = gnu17;
				GCC_DYNAMIC_NO_PIC = NO;
				GCC_NO_COMMON_BLOCKS = YES;
				GCC_OPTIMIZATION_LEVEL = 0;
				GCC_PREPROCESSOR_DEFINITIONS = (
					"DEBUG=1",
					"$(inherited)",
				);
				GCC_WARN_64_TO_32_BIT_CONVERSION = YES;
				GCC_WARN_ABOUT_RETURN_TYPE = YES_ERROR;
				GCC_WARN_UNDECLARED_SELECTOR = YES;
				GCC_WARN_UNINITIALIZED_AUTOS = YES_AGGRESSIVE;
				GCC_WARN_UNUSED_FUNCTION = YES;
				GCC_WARN_UNUSED_VARIABLE = YES;
				LOCALIZATION_PREFERS_STRING_CATALOGS = YES;
				MTL_ENABLE_DEBUG_INFO = INCLUDE_SOURCE;
				MTL_FAST_MATH = YES;
				ONLY_ACTIVE_ARCH = YES;
				SWIFT_ACTIVE_COMPILATION_CONDITIONS = "DEBUG $(inherited)";
				SWIFT_OPTIMIZATION_LEVEL = "-Onone";
			};
			name = Debug;
		};
		4582BC0E2B334CA800F4FA0C /* Release */ = {
			isa = XCBuildConfiguration;
			buildSettings = {
				ALWAYS_SEARCH_USER_PATHS = NO;
				ASSETCATALOG_COMPILER_GENERATE_SWIFT_ASSET_SYMBOL_EXTENSIONS = YES;
				CLANG_ANALYZER_NONNULL = YES;
				CLANG_ANALYZER_NUMBER_OBJECT_CONVERSION = YES_AGGRESSIVE;
				CLANG_CXX_LANGUAGE_STANDARD = "gnu++20";
				CLANG_ENABLE_MODULES = YES;
				CLANG_ENABLE_OBJC_ARC = YES;
				CLANG_ENABLE_OBJC_WEAK = YES;
				CLANG_WARN_BLOCK_CAPTURE_AUTORELEASING = YES;
				CLANG_WARN_BOOL_CONVERSION = YES;
				CLANG_WARN_COMMA = YES;
				CLANG_WARN_CONSTANT_CONVERSION = YES;
				CLANG_WARN_DEPRECATED_OBJC_IMPLEMENTATIONS = YES;
				CLANG_WARN_DIRECT_OBJC_ISA_USAGE = YES_ERROR;
				CLANG_WARN_DOCUMENTATION_COMMENTS = YES;
				CLANG_WARN_EMPTY_BODY = YES;
				CLANG_WARN_ENUM_CONVERSION = YES;
				CLANG_WARN_INFINITE_RECURSION = YES;
				CLANG_WARN_INT_CONVERSION = YES;
				CLANG_WARN_NON_LITERAL_NULL_CONVERSION = YES;
				CLANG_WARN_OBJC_IMPLICIT_RETAIN_SELF = YES;
				CLANG_WARN_OBJC_LITERAL_CONVERSION = YES;
				CLANG_WARN_OBJC_ROOT_CLASS = YES_ERROR;
				CLANG_WARN_QUOTED_INCLUDE_IN_FRAMEWORK_HEADER = YES;
				CLANG_WARN_RANGE_LOOP_ANALYSIS = YES;
				CLANG_WARN_STRICT_PROTOTYPES = YES;
				CLANG_WARN_SUSPICIOUS_MOVE = YES;
				CLANG_WARN_UNGUARDED_AVAILABILITY = YES_AGGRESSIVE;
				CLANG_WARN_UNREACHABLE_CODE = YES;
				CLANG_WARN__DUPLICATE_METHOD_MATCH = YES;
				COPY_PHASE_STRIP = NO;
				DEBUG_INFORMATION_FORMAT = "dwarf-with-dsym";
				ENABLE_NS_ASSERTIONS = NO;
				ENABLE_STRICT_OBJC_MSGSEND = YES;
				ENABLE_USER_SCRIPT_SANDBOXING = YES;
				GCC_C_LANGUAGE_STANDARD = gnu17;
				GCC_NO_COMMON_BLOCKS = YES;
				GCC_WARN_64_TO_32_BIT_CONVERSION = YES;
				GCC_WARN_ABOUT_RETURN_TYPE = YES_ERROR;
				GCC_WARN_UNDECLARED_SELECTOR = YES;
				GCC_WARN_UNINITIALIZED_AUTOS = YES_AGGRESSIVE;
				GCC_WARN_UNUSED_FUNCTION = YES;
				GCC_WARN_UNUSED_VARIABLE = YES;
				LOCALIZATION_PREFERS_STRING_CATALOGS = YES;
				MTL_ENABLE_DEBUG_INFO = NO;
				MTL_FAST_MATH = YES;
				SWIFT_COMPILATION_MODE = wholemodule;
			};
			name = Release;
		};
		4582BC102B334CA800F4FA0C /* Debug */ = {
			isa = XCBuildConfiguration;
			buildSettings = {
				ASSETCATALOG_COMPILER_APPICON_NAME = AppIcon;
				ASSETCATALOG_COMPILER_GLOBAL_ACCENT_COLOR_NAME = AccentColor;
				ASSETCATALOG_COMPILER_INCLUDE_ALL_APPICON_ASSETS = YES;
				CODE_SIGN_ENTITLEMENTS = Fokus/Fokus.entitlements;
				CODE_SIGN_IDENTITY = "Apple Development";
				CODE_SIGN_STYLE = Automatic;
				CURRENT_PROJECT_VERSION = 1;
				DEVELOPMENT_ASSET_PATHS = "\"Fokus/Preview Content\"";
				DEVELOPMENT_TEAM = Q5Q99Q7248;
				ENABLE_HARDENED_RUNTIME = YES;
				ENABLE_PREVIEWS = YES;
				GENERATE_INFOPLIST_FILE = YES;
				INFOPLIST_FILE = Fokus/Info.plist;
				INFOPLIST_KEY_CFBundleDisplayName = Fokus;
				INFOPLIST_KEY_LSApplicationCategoryType = "public.app-category.productivity";
				INFOPLIST_KEY_NSSupportsLiveActivities = NO;
				"INFOPLIST_KEY_UIApplicationSceneManifest_Generation[sdk=iphoneos*]" = YES;
				"INFOPLIST_KEY_UIApplicationSceneManifest_Generation[sdk=iphonesimulator*]" = YES;
				"INFOPLIST_KEY_UIApplicationSupportsIndirectInputEvents[sdk=iphoneos*]" = YES;
				"INFOPLIST_KEY_UIApplicationSupportsIndirectInputEvents[sdk=iphonesimulator*]" = YES;
				"INFOPLIST_KEY_UILaunchScreen_Generation[sdk=iphoneos*]" = YES;
				"INFOPLIST_KEY_UILaunchScreen_Generation[sdk=iphonesimulator*]" = YES;
				"INFOPLIST_KEY_UIStatusBarStyle[sdk=iphoneos*]" = UIStatusBarStyleDefault;
				"INFOPLIST_KEY_UIStatusBarStyle[sdk=iphonesimulator*]" = UIStatusBarStyleDefault;
				INFOPLIST_KEY_UISupportedInterfaceOrientations = UIInterfaceOrientationPortrait;
				IPHONEOS_DEPLOYMENT_TARGET = 17.0;
				LD_RUNPATH_SEARCH_PATHS = "@executable_path/Frameworks";
				"LD_RUNPATH_SEARCH_PATHS[sdk=macosx*]" = "@executable_path/../Frameworks";
				MACOSX_DEPLOYMENT_TARGET = 14.0;
				MARKETING_VERSION = 1.0;
				PRODUCT_BUNDLE_IDENTIFIER = com.andreasschultz.Fokus;
				PRODUCT_NAME = "$(TARGET_NAME)";
				PROVISIONING_PROFILE_SPECIFIER = "";
				SDKROOT = auto;
				SUPPORTED_PLATFORMS = "iphoneos iphonesimulator";
				SUPPORTS_MACCATALYST = NO;
				SWIFT_EMIT_LOC_STRINGS = YES;
				SWIFT_VERSION = 5.0;
				TARGETED_DEVICE_FAMILY = "1,2";
			};
			name = Debug;
		};
		4582BC112B334CA800F4FA0C /* Release */ = {
			isa = XCBuildConfiguration;
			buildSettings = {
				ASSETCATALOG_COMPILER_APPICON_NAME = AppIcon;
				ASSETCATALOG_COMPILER_GLOBAL_ACCENT_COLOR_NAME = AccentColor;
				ASSETCATALOG_COMPILER_INCLUDE_ALL_APPICON_ASSETS = YES;
				CODE_SIGN_ENTITLEMENTS = Fokus/Fokus.entitlements;
				CODE_SIGN_STYLE = Automatic;
				CURRENT_PROJECT_VERSION = 1;
				DEVELOPMENT_ASSET_PATHS = "\"Fokus/Preview Content\"";
				DEVELOPMENT_TEAM = Q5Q99Q7248;
				ENABLE_HARDENED_RUNTIME = YES;
				ENABLE_PREVIEWS = YES;
				GENERATE_INFOPLIST_FILE = YES;
				INFOPLIST_FILE = Fokus/Info.plist;
				INFOPLIST_KEY_CFBundleDisplayName = Fokus;
				INFOPLIST_KEY_LSApplicationCategoryType = "public.app-category.productivity";
				INFOPLIST_KEY_NSSupportsLiveActivities = NO;
				"INFOPLIST_KEY_UIApplicationSceneManifest_Generation[sdk=iphoneos*]" = YES;
				"INFOPLIST_KEY_UIApplicationSceneManifest_Generation[sdk=iphonesimulator*]" = YES;
				"INFOPLIST_KEY_UIApplicationSupportsIndirectInputEvents[sdk=iphoneos*]" = YES;
				"INFOPLIST_KEY_UIApplicationSupportsIndirectInputEvents[sdk=iphonesimulator*]" = YES;
				"INFOPLIST_KEY_UILaunchScreen_Generation[sdk=iphoneos*]" = YES;
				"INFOPLIST_KEY_UILaunchScreen_Generation[sdk=iphonesimulator*]" = YES;
				"INFOPLIST_KEY_UIStatusBarStyle[sdk=iphoneos*]" = UIStatusBarStyleDefault;
				"INFOPLIST_KEY_UIStatusBarStyle[sdk=iphonesimulator*]" = UIStatusBarStyleDefault;
				INFOPLIST_KEY_UISupportedInterfaceOrientations = UIInterfaceOrientationPortrait;
				IPHONEOS_DEPLOYMENT_TARGET = 17.0;
				LD_RUNPATH_SEARCH_PATHS = "@executable_path/Frameworks";
				"LD_RUNPATH_SEARCH_PATHS[sdk=macosx*]" = "@executable_path/../Frameworks";
				MACOSX_DEPLOYMENT_TARGET = 14.0;
				MARKETING_VERSION = 1.0;
				PRODUCT_BUNDLE_IDENTIFIER = com.andreasschultz.Fokus;
				PRODUCT_NAME = "$(TARGET_NAME)";
				SDKROOT = auto;
				SUPPORTED_PLATFORMS = "iphoneos iphonesimulator";
				SUPPORTS_MACCATALYST = NO;
				SWIFT_EMIT_LOC_STRINGS = YES;
				SWIFT_VERSION = 5.0;
				TARGETED_DEVICE_FAMILY = "1,2";
			};
			name = Release;
		};
		4582BC342B334D3E00F4FA0C /* Debug */ = {
			isa = XCBuildConfiguration;
			buildSettings = {
				ASSETCATALOG_COMPILER_GLOBAL_ACCENT_COLOR_NAME = AccentColor;
				ASSETCATALOG_COMPILER_WIDGET_BACKGROUND_COLOR_NAME = WidgetBackground;
				CODE_SIGN_STYLE = Automatic;
				CURRENT_PROJECT_VERSION = 1;
				DEVELOPMENT_TEAM = Q5Q99Q7248;
				GENERATE_INFOPLIST_FILE = YES;
				INFOPLIST_FILE = FokusWidget/Info.plist;
				INFOPLIST_KEY_CFBundleDisplayName = FokusWidget;
				INFOPLIST_KEY_NSHumanReadableCopyright = "";
				IPHONEOS_DEPLOYMENT_TARGET = 17.0;
				LD_RUNPATH_SEARCH_PATHS = (
					"$(inherited)",
					"@executable_path/Frameworks",
					"@executable_path/../../Frameworks",
				);
				MARKETING_VERSION = 1.0;
				PRODUCT_BUNDLE_IDENTIFIER = com.andreasschultz.Fokus.FokusWidget;
				PRODUCT_NAME = "$(TARGET_NAME)";
				SDKROOT = iphoneos;
				SKIP_INSTALL = YES;
				SWIFT_EMIT_LOC_STRINGS = YES;
				SWIFT_VERSION = 5.0;
				TARGETED_DEVICE_FAMILY = "1,2";
			};
			name = Debug;
		};
		4582BC352B334D3E00F4FA0C /* Release */ = {
			isa = XCBuildConfiguration;
			buildSettings = {
				ASSETCATALOG_COMPILER_GLOBAL_ACCENT_COLOR_NAME = AccentColor;
				ASSETCATALOG_COMPILER_WIDGET_BACKGROUND_COLOR_NAME = WidgetBackground;
				CODE_SIGN_STYLE = Automatic;
				CURRENT_PROJECT_VERSION = 1;
				DEVELOPMENT_TEAM = Q5Q99Q7248;
				GENERATE_INFOPLIST_FILE = YES;
				INFOPLIST_FILE = FokusWidget/Info.plist;
				INFOPLIST_KEY_CFBundleDisplayName = FokusWidget;
				INFOPLIST_KEY_NSHumanReadableCopyright = "";
				IPHONEOS_DEPLOYMENT_TARGET = 17.0;
				LD_RUNPATH_SEARCH_PATHS = (
					"$(inherited)",
					"@executable_path/Frameworks",
					"@executable_path/../../Frameworks",
				);
				MARKETING_VERSION = 1.0;
				PRODUCT_BUNDLE_IDENTIFIER = com.andreasschultz.Fokus.FokusWidget;
				PRODUCT_NAME = "$(TARGET_NAME)";
				SDKROOT = iphoneos;
				SKIP_INSTALL = YES;
				SWIFT_EMIT_LOC_STRINGS = YES;
				SWIFT_VERSION = 5.0;
				TARGETED_DEVICE_FAMILY = "1,2";
				VALIDATE_PRODUCT = YES;
			};
			name = Release;
		};
/* End XCBuildConfiguration section */

/* Begin XCConfigurationList section */
		4582BBFB2B334CA700F4FA0C /* Build configuration list for PBXProject "Fokus" */ = {
			isa = XCConfigurationList;
			buildConfigurations = (
				4582BC0D2B334CA800F4FA0C /* Debug */,
				4582BC0E2B334CA800F4FA0C /* Release */,
			);
			defaultConfigurationIsVisible = 0;
			defaultConfigurationName = Release;
		};
		4582BC0F2B334CA800F4FA0C /* Build configuration list for PBXNativeTarget "Fokus" */ = {
			isa = XCConfigurationList;
			buildConfigurations = (
				4582BC102B334CA800F4FA0C /* Debug */,
				4582BC112B334CA800F4FA0C /* Release */,
			);
			defaultConfigurationIsVisible = 0;
			defaultConfigurationName = Release;
		};
		4582BC332B334D3E00F4FA0C /* Build configuration list for PBXNativeTarget "FokusWidgetExtension" */ = {
			isa = XCConfigurationList;
			buildConfigurations = (
				4582BC342B334D3E00F4FA0C /* Debug */,
				4582BC352B334D3E00F4FA0C /* Release */,
			);
			defaultConfigurationIsVisible = 0;
			defaultConfigurationName = Release;
		};
/* End XCConfigurationList section */
	};
	rootObject = 4582BBF82B334CA700F4FA0C /* Project object */;
}
